{
    "_readme": [
        "This file locks the dependencies of your project to a known state",
        "Read more about it at https://getcomposer.org/doc/01-basic-usage.md#composer-lock-the-lock-file",
        "This file is @generated automatically"
    ],
    "hash": "17d0e89d03034bf83f4a662fd19c9f70",
    "content-hash": "39a7189d9e77ce2abd322479e354e081",
    "packages": [
        {
            "name": "arbiter/arbiter",
            "version": "1.x-dev",
            "source": {
                "type": "git",
                "url": "https://github.com/arbiterphp/Arbiter.Arbiter.git",
                "reference": "8deb1bb91bc62d604b106deea2b20fd479c076d1"
            },
            "dist": {
                "type": "zip",
                "url": "https://api.github.com/repos/arbiterphp/Arbiter.Arbiter/zipball/8deb1bb91bc62d604b106deea2b20fd479c076d1",
                "reference": "8deb1bb91bc62d604b106deea2b20fd479c076d1",
                "shasum": ""
            },
            "require": {
                "php": ">=5.5.0",
                "psr/http-message": "~1.0"
            },
            "require-dev": {
                "zendframework/zend-diactoros": "~1.0"
            },
            "type": "library",
            "autoload": {
                "psr-4": {
                    "Arbiter\\": "src/"
                }
            },
            "notification-url": "https://packagist.org/downloads/",
            "license": [
                "MIT"
            ],
            "authors": [
                {
                    "name": "Arbiter.Arbiter Contributors",
                    "homepage": "https://github.com/arbiterphp/Arbiter.Arbiter/contributors"
                }
            ],
            "description": "A PSR-7 Action system for Action-Domain-Responder.",
            "homepage": "https://github.com/arbiterphp/Arbiter.Arbiter",
            "keywords": [
                "action domain responder",
                "adr",
                "middleware",
                "psr-7"
            ],
            "time": "2015-06-25 14:21:40"
        },
        {
            "name": "aura/di",
            "version": "3.0.0-beta1",
            "source": {
                "type": "git",
                "url": "https://github.com/auraphp/Aura.Di.git",
                "reference": "eacd5ebfdbfd5e38a11245a0042fb3935baa4710"
            },
            "dist": {
                "type": "zip",
                "url": "https://api.github.com/repos/auraphp/Aura.Di/zipball/eacd5ebfdbfd5e38a11245a0042fb3935baa4710",
                "reference": "eacd5ebfdbfd5e38a11245a0042fb3935baa4710",
                "shasum": ""
            },
            "require": {
                "container-interop/container-interop": "~1.0",
                "php": ">=5.5.0"
            },
            "require-dev": {
                "acclimate/container": "~1.0",
                "mouf/picotainer": "~1.0"
            },
            "type": "library",
            "autoload": {
                "psr-4": {
                    "Aura\\Di\\": "src/"
                }
            },
            "notification-url": "https://packagist.org/downloads/",
            "license": [
                "MIT"
            ],
            "authors": [
                {
                    "name": "Aura.Di Contributors",
                    "homepage": "https://github.com/auraphp/Aura.Di/contributors"
                }
            ],
            "description": "A serializable dependency injection container with constructor and setter injection, interface and trait awareness, configuration inheritance, and much more.",
            "homepage": "https://github.com/auraphp/Aura.Di",
            "keywords": [
                "container",
                "dependency injection",
                "dependency injection container",
                "di",
                "di container"
            ],
            "time": "2015-06-03 21:13:48"
        },
        {
            "name": "aura/payload",
            "version": "3.0.0-alpha1",
            "source": {
                "type": "git",
                "url": "https://github.com/auraphp/Aura.Payload.git",
                "reference": "f7800db0da3f5b3e22fc57188f2c984bd6e66cf4"
            },
            "dist": {
                "type": "zip",
                "url": "https://api.github.com/repos/auraphp/Aura.Payload/zipball/f7800db0da3f5b3e22fc57188f2c984bd6e66cf4",
                "reference": "f7800db0da3f5b3e22fc57188f2c984bd6e66cf4",
                "shasum": ""
            },
            "require": {
                "aura/payload-interface": "3.x-dev",
                "php": ">=5.5.0"
            },
            "type": "library",
            "autoload": {
                "psr-4": {
                    "Aura\\Payload\\": "src/"
                }
            },
            "notification-url": "https://packagist.org/downloads/",
            "license": [
                "MIT"
            ],
            "authors": [
                {
                    "name": "Aura.Payload Contributors",
                    "homepage": "https://github.com/auraphp/Aura.Payload/contributors"
                }
            ],
            "description": "A Domain Payload implementation.",
            "homepage": "https://github.com/auraphp/Aura.Payload",
            "keywords": [
                "ddd",
                "domain",
                "payload"
            ],
            "time": "2015-05-18 14:25:57"
        },
        {
            "name": "aura/payload-interface",
            "version": "3.x-dev",
            "source": {
                "type": "git",
                "url": "https://github.com/auraphp/Aura.Payload_Interface.git",
                "reference": "301d4102134c758be04faf655b636c533141324c"
            },
            "dist": {
                "type": "zip",
                "url": "https://api.github.com/repos/auraphp/Aura.Payload_Interface/zipball/301d4102134c758be04faf655b636c533141324c",
                "reference": "301d4102134c758be04faf655b636c533141324c",
                "shasum": ""
            },
            "require": {
                "php": ">=5.5.0"
            },
            "type": "library",
            "autoload": {
                "psr-4": {
                    "Aura\\Payload_Interface\\": "src/"
                }
            },
            "notification-url": "https://packagist.org/downloads/",
            "license": [
                "MIT"
            ],
            "authors": [
                {
                    "name": "Aura.Payload_Interface Contributors",
                    "homepage": "https://github.com/auraphp/Aura.Payload_Interface/contributors"
                }
            ],
            "description": "An interface package for Domain Payload implementations.",
            "homepage": "https://github.com/auraphp/Aura.Payload_Interface",
            "keywords": [
                "ddd",
                "domain",
                "payload"
            ],
            "time": "2015-07-14 23:43:40"
        },
        {
            "name": "aura/router",
            "version": "3.0.0-beta2",
            "source": {
                "type": "git",
                "url": "https://github.com/auraphp/Aura.Router.git",
                "reference": "363012b210bdd936c2cba33b080ab5708923449a"
            },
            "dist": {
                "type": "zip",
                "url": "https://api.github.com/repos/auraphp/Aura.Router/zipball/363012b210bdd936c2cba33b080ab5708923449a",
                "reference": "363012b210bdd936c2cba33b080ab5708923449a",
                "shasum": ""
            },
            "require": {
                "php": ">=5.5.0",
                "psr/http-message": "~1.0",
                "psr/log": "~1.0"
            },
            "require-dev": {
                "zendframework/zend-diactoros": "~1.0"
            },
            "type": "library",
            "autoload": {
                "psr-4": {
                    "Aura\\Router\\": "src/"
                }
            },
            "notification-url": "https://packagist.org/downloads/",
            "license": [
                "MIT"
            ],
            "authors": [
                {
                    "name": "Aura.Router Contributors",
                    "homepage": "https://github.com/auraphp/Aura.Router/contributors"
                }
            ],
            "description": "Powerful, flexible web routing for PSR-7 requests.",
            "homepage": "https://github.com/auraphp/Aura.Router",
            "keywords": [
                "psr-7",
                "route",
                "router",
                "routing"
            ],
            "time": "2015-07-16 20:59:25"
        },
        {
            "name": "container-interop/container-interop",
            "version": "1.1.0",
            "source": {
                "type": "git",
                "url": "https://github.com/container-interop/container-interop.git",
                "reference": "fc08354828f8fd3245f77a66b9e23a6bca48297e"
            },
            "dist": {
                "type": "zip",
                "url": "https://api.github.com/repos/container-interop/container-interop/zipball/fc08354828f8fd3245f77a66b9e23a6bca48297e",
                "reference": "fc08354828f8fd3245f77a66b9e23a6bca48297e",
                "shasum": ""
            },
            "type": "library",
            "autoload": {
                "psr-4": {
                    "Interop\\Container\\": "src/Interop/Container/"
                }
            },
            "notification-url": "https://packagist.org/downloads/",
            "license": [
                "MIT"
            ],
            "description": "Promoting the interoperability of container objects (DIC, SL, etc.)",
            "time": "2014-12-30 15:22:37"
        },
        {
            "name": "doctrine/annotations",
            "version": "v1.2.7",
            "source": {
                "type": "git",
                "url": "https://github.com/doctrine/annotations.git",
                "reference": "f25c8aab83e0c3e976fd7d19875f198ccf2f7535"
            },
            "dist": {
                "type": "zip",
                "url": "https://api.github.com/repos/doctrine/annotations/zipball/f25c8aab83e0c3e976fd7d19875f198ccf2f7535",
                "reference": "f25c8aab83e0c3e976fd7d19875f198ccf2f7535",
                "shasum": ""
            },
            "require": {
                "doctrine/lexer": "1.*",
                "php": ">=5.3.2"
            },
            "require-dev": {
                "doctrine/cache": "1.*",
                "phpunit/phpunit": "4.*"
            },
            "type": "library",
            "extra": {
                "branch-alias": {
                    "dev-master": "1.3.x-dev"
                }
            },
            "autoload": {
                "psr-0": {
                    "Doctrine\\Common\\Annotations\\": "lib/"
                }
            },
            "notification-url": "https://packagist.org/downloads/",
            "license": [
                "MIT"
            ],
            "authors": [
                {
                    "name": "Roman Borschel",
                    "email": "roman@code-factory.org"
                },
                {
                    "name": "Benjamin Eberlei",
                    "email": "kontakt@beberlei.de"
                },
                {
                    "name": "Guilherme Blanco",
                    "email": "guilhermeblanco@gmail.com"
                },
                {
                    "name": "Jonathan Wage",
                    "email": "jonwage@gmail.com"
                },
                {
                    "name": "Johannes Schmitt",
                    "email": "schmittjoh@gmail.com"
                }
            ],
            "description": "Docblock Annotations Parser",
            "homepage": "http://www.doctrine-project.org",
            "keywords": [
                "annotations",
                "docblock",
                "parser"
            ],
            "time": "2015-08-31 12:32:49"
        },
        {
            "name": "doctrine/lexer",
            "version": "v1.0.1",
            "source": {
                "type": "git",
                "url": "https://github.com/doctrine/lexer.git",
                "reference": "83893c552fd2045dd78aef794c31e694c37c0b8c"
            },
            "dist": {
                "type": "zip",
                "url": "https://api.github.com/repos/doctrine/lexer/zipball/83893c552fd2045dd78aef794c31e694c37c0b8c",
                "reference": "83893c552fd2045dd78aef794c31e694c37c0b8c",
                "shasum": ""
            },
            "require": {
                "php": ">=5.3.2"
            },
            "type": "library",
            "extra": {
                "branch-alias": {
                    "dev-master": "1.0.x-dev"
                }
            },
            "autoload": {
                "psr-0": {
                    "Doctrine\\Common\\Lexer\\": "lib/"
                }
            },
            "notification-url": "https://packagist.org/downloads/",
            "license": [
                "MIT"
            ],
            "authors": [
                {
                    "name": "Roman Borschel",
                    "email": "roman@code-factory.org"
                },
                {
                    "name": "Guilherme Blanco",
                    "email": "guilhermeblanco@gmail.com"
                },
                {
                    "name": "Johannes Schmitt",
                    "email": "schmittjoh@gmail.com"
                }
            ],
            "description": "Base library for a lexer that can be used in Top-Down, Recursive Descent Parsers.",
            "homepage": "http://www.doctrine-project.org",
            "keywords": [
                "lexer",
                "parser"
            ],
            "time": "2014-09-09 13:34:57"
        },
        {
            "name": "koriym/printo",
            "version": "1.0.1",
            "source": {
                "type": "git",
                "url": "https://github.com/koriym/print_o.git",
                "reference": "d969e4cc738a376d479c2125e7d62be88cfa9dbe"
            },
            "dist": {
                "type": "zip",
                "url": "https://api.github.com/repos/koriym/print_o/zipball/d969e4cc738a376d479c2125e7d62be88cfa9dbe",
                "reference": "d969e4cc738a376d479c2125e7d62be88cfa9dbe",
                "shasum": ""
            },
            "require": {
                "php": ">=5.4.0"
            },
            "type": "library",
            "extra": {
                "branch-alias": {
                    "dev-master": "1.0.x-dev"
                }
            },
            "autoload": {
                "psr-4": {
                    "Koriym\\Printo\\": "src/"
                },
                "files": [
                    "src/print_o.php"
                ]
            },
            "notification-url": "https://packagist.org/downloads/",
            "license": [
                "BSD-3-Clause"
            ],
            "authors": [
                {
                    "name": "Akihito Koriyama",
                    "email": "akihito.koriyama@gmail.com",
                    "homepage": "https://github.com/koriym"
                }
            ],
            "description": "An object graph visualizer.",
            "homepage": "https://github.com/koriym/print_o",
            "keywords": [
                "debug",
                "var_dump"
            ],
            "time": "2015-02-13 19:04:21"
        },
        {
            "name": "nikic/php-parser",
            "version": "v1.4.1",
            "source": {
                "type": "git",
                "url": "https://github.com/nikic/PHP-Parser.git",
                "reference": "f78af2c9c86107aa1a34cd1dbb5bbe9eeb0d9f51"
            },
            "dist": {
                "type": "zip",
                "url": "https://api.github.com/repos/nikic/PHP-Parser/zipball/f78af2c9c86107aa1a34cd1dbb5bbe9eeb0d9f51",
                "reference": "f78af2c9c86107aa1a34cd1dbb5bbe9eeb0d9f51",
                "shasum": ""
            },
            "require": {
                "ext-tokenizer": "*",
                "php": ">=5.3"
            },
            "type": "library",
            "extra": {
                "branch-alias": {
                    "dev-master": "1.4-dev"
                }
            },
            "autoload": {
                "files": [
                    "lib/bootstrap.php"
                ]
            },
            "notification-url": "https://packagist.org/downloads/",
            "license": [
                "BSD-3-Clause"
            ],
            "authors": [
                {
                    "name": "Nikita Popov"
                }
            ],
            "description": "A PHP parser written in PHP",
            "keywords": [
                "parser",
                "php"
            ],
            "time": "2015-09-19 14:15:08"
        },
        {
            "name": "psr/http-message",
            "version": "1.0",
            "source": {
                "type": "git",
                "url": "https://github.com/php-fig/http-message.git",
                "reference": "85d63699f0dbedb190bbd4b0d2b9dc707ea4c298"
            },
            "dist": {
                "type": "zip",
                "url": "https://api.github.com/repos/php-fig/http-message/zipball/85d63699f0dbedb190bbd4b0d2b9dc707ea4c298",
                "reference": "85d63699f0dbedb190bbd4b0d2b9dc707ea4c298",
                "shasum": ""
            },
            "require": {
                "php": ">=5.3.0"
            },
            "type": "library",
            "extra": {
                "branch-alias": {
                    "dev-master": "1.0.x-dev"
                }
            },
            "autoload": {
                "psr-4": {
                    "Psr\\Http\\Message\\": "src/"
                }
            },
            "notification-url": "https://packagist.org/downloads/",
            "license": [
                "MIT"
            ],
            "authors": [
                {
                    "name": "PHP-FIG",
                    "homepage": "http://www.php-fig.org/"
                }
            ],
            "description": "Common interface for HTTP messages",
            "keywords": [
                "http",
                "http-message",
                "psr",
                "psr-7",
                "request",
                "response"
            ],
            "time": "2015-05-04 20:22:00"
        },
        {
            "name": "psr/log",
            "version": "1.0.0",
            "source": {
                "type": "git",
                "url": "https://github.com/php-fig/log.git",
                "reference": "fe0936ee26643249e916849d48e3a51d5f5e278b"
            },
            "dist": {
                "type": "zip",
                "url": "https://api.github.com/repos/php-fig/log/zipball/fe0936ee26643249e916849d48e3a51d5f5e278b",
                "reference": "fe0936ee26643249e916849d48e3a51d5f5e278b",
                "shasum": ""
            },
            "type": "library",
            "autoload": {
                "psr-0": {
                    "Psr\\Log\\": ""
                }
            },
            "notification-url": "https://packagist.org/downloads/",
            "license": [
                "MIT"
            ],
            "authors": [
                {
                    "name": "PHP-FIG",
                    "homepage": "http://www.php-fig.org/"
                }
            ],
            "description": "Common interface for logging libraries",
            "keywords": [
                "log",
                "psr",
                "psr-3"
            ],
            "time": "2012-12-21 11:40:51"
        },
        {
            "name": "radar/adr",
            "version": "1.x-dev",
            "source": {
                "type": "git",
                "url": "https://github.com/radarphp/Radar.Adr.git",
                "reference": "ae221a6ed977d1c313990c8ee2185596462a6feb"
            },
            "dist": {
                "type": "zip",
                "url": "https://api.github.com/repos/radarphp/Radar.Adr/zipball/ae221a6ed977d1c313990c8ee2185596462a6feb",
                "reference": "ae221a6ed977d1c313990c8ee2185596462a6feb",
                "shasum": ""
            },
            "require": {
                "arbiter/arbiter": "~1.0",
                "aura/di": "~3.0",
                "aura/payload": "~3.0",
                "aura/router": "~3.0",
                "relay/middleware": "~1.0",
                "relay/relay": "0.2.0"
            },
            "require-dev": {
                "zendframework/zend-diactoros": "~1.0"
            },
            "type": "library",
            "autoload": {
                "psr-4": {
                    "Radar\\Adr\\": "src/"
                }
            },
            "notification-url": "https://packagist.org/downloads/",
            "license": [
                "MIT"
            ],
            "description": "The Action-Domain-Responder core library for Radar.",
            "time": "2015-09-06 13:50:01"
        },
        {
            "name": "ray/aop",
            "version": "2.1.1",
            "source": {
                "type": "git",
                "url": "https://github.com/ray-di/Ray.Aop.git",
                "reference": "ebda1d3013e35a9538d390d6914f3e532d290c3e"
            },
            "dist": {
                "type": "zip",
                "url": "https://api.github.com/repos/ray-di/Ray.Aop/zipball/ebda1d3013e35a9538d390d6914f3e532d290c3e",
                "reference": "ebda1d3013e35a9538d390d6914f3e532d290c3e",
                "shasum": ""
            },
            "require": {
                "doctrine/annotations": "~1.1",
                "nikic/php-parser": "~1.0",
                "php": ">=5.4.0"
            },
            "suggest": {
                "ray/di": "A dependency injection framework with Ray.Aop"
            },
            "type": "library",
            "autoload": {
                "psr-4": {
                    "Ray\\Aop\\": "src/"
                }
            },
            "notification-url": "https://packagist.org/downloads/",
            "license": [
                "BSD-3-Clause"
            ],
            "authors": [
                {
                    "name": "Akihito Koriyama",
                    "email": "akihito.koriyama@gmail.com"
                }
            ],
            "description": "An aspect oriented framework",
            "homepage": "https://github.com/koriym/Ray.Aop",
            "keywords": [
                "AOP Alliance",
                "annotations",
                "aop",
                "code-gen"
            ],
            "time": "2015-05-27 14:59:45"
        },
        {
            "name": "ray/compiler",
            "version": "1.0.3",
            "source": {
                "type": "git",
                "url": "https://github.com/ray-di/Ray.Compiler.git",
                "reference": "605e347e9b0077a13e111f51a5ad964004214b42"
            },
            "dist": {
                "type": "zip",
                "url": "https://api.github.com/repos/ray-di/Ray.Compiler/zipball/605e347e9b0077a13e111f51a5ad964004214b42",
                "reference": "605e347e9b0077a13e111f51a5ad964004214b42",
                "shasum": ""
            },
            "require": {
                "koriym/printo": "~1.0"
            },
            "require-dev": {
                "ray/di": "~2.0"
            },
            "type": "library",
            "autoload": {
                "psr-4": {
                    "Ray\\Compiler\\": "src/"
                }
            },
            "notification-url": "https://packagist.org/downloads/",
            "license": [
                "MIT"
            ],
            "description": "A dependency injection compiler for Ray.Di",
            "keywords": [
                "Ray.Di",
                "code-gen",
                "compiler"
            ],
            "time": "2015-09-29 03:34:17"
        },
        {
            "name": "ray/di",
            "version": "2.x-dev",
            "source": {
                "type": "git",
                "url": "https://github.com/ray-di/Ray.Di.git",
                "reference": "810ecf6486d142042dc3bb10aa099ec68aa9b6ba"
            },
            "dist": {
                "type": "zip",
                "url": "https://api.github.com/repos/ray-di/Ray.Di/zipball/810ecf6486d142042dc3bb10aa099ec68aa9b6ba",
                "reference": "810ecf6486d142042dc3bb10aa099ec68aa9b6ba",
                "shasum": ""
            },
            "require": {
                "php": ">=5.4.0",
                "ray/aop": "~2.0",
                "ray/compiler": "~1.0"
            },
            "type": "library",
            "autoload": {
                "psr-4": {
                    "Ray\\Di\\": "src/"
                }
            },
            "notification-url": "https://packagist.org/downloads/",
            "license": [
                "MIT"
            ],
            "authors": [
                {
                    "name": "Akihito Koriyama",
                    "email": "akihito.koriyama@gmail.com"
                }
            ],
            "description": "Guice style annotation-driven dependency injection framework",
            "homepage": "https://github.com/ray-di/Ray.Di",
            "keywords": [
                "annotations",
                "aop",
                "di",
                "guice",
                "ray"
            ],
            "time": "2015-08-26 18:06:21"
        },
        {
            "name": "relay/middleware",
            "version": "1.x-dev",
            "source": {
                "type": "git",
                "url": "https://github.com/relayphp/Relay.Middleware.git",
                "reference": "410d62429c6ba7dbfc589f1811337fbe9178fae9"
            },
            "dist": {
                "type": "zip",
                "url": "https://api.github.com/repos/relayphp/Relay.Middleware/zipball/410d62429c6ba7dbfc589f1811337fbe9178fae9",
                "reference": "410d62429c6ba7dbfc589f1811337fbe9178fae9",
                "shasum": ""
            },
            "require": {
                "psr/http-message": "~1.0"
            },
            "require-dev": {
                "zendframework/zend-diactoros": "~1.0"
            },
            "type": "library",
            "autoload": {
                "psr-4": {
                    "Relay\\Middleware\\": "src/"
                }
            },
            "notification-url": "https://packagist.org/downloads/",
            "license": [
                "MIT"
            ],
            "description": "Basic Relay-compatible middleware decorators.",
            "time": "2015-09-18 20:36:35"
        },
        {
            "name": "relay/relay",
            "version": "0.2.0",
            "source": {
                "type": "git",
                "url": "https://github.com/relayphp/Relay.Relay.git",
                "reference": "6f1f1e2392ea690d8d4402495d1104017bfa9062"
            },
            "dist": {
                "type": "zip",
                "url": "https://api.github.com/repos/relayphp/Relay.Relay/zipball/6f1f1e2392ea690d8d4402495d1104017bfa9062",
                "reference": "6f1f1e2392ea690d8d4402495d1104017bfa9062",
                "shasum": ""
            },
            "require": {
                "php": ">=5.5.0",
                "psr/http-message": "~1.0"
            },
            "require-dev": {
                "zendframework/zend-diactoros": "~1.0"
            },
            "type": "library",
            "autoload": {
                "psr-4": {
                    "Relay\\": "src/"
                }
            },
            "notification-url": "https://packagist.org/downloads/",
            "license": [
                "MIT"
            ],
            "authors": [
                {
                    "name": "Relay.Relay Contributors",
                    "homepage": "https://github.com/relayphp/Relay.Relay/contributors"
                }
            ],
            "description": "A PSR-7 middleware dispatcher.",
            "homepage": "https://github.com/relayphp/Relay.Relay",
            "keywords": [
                "middleware",
                "psr-7"
            ],
            "time": "2015-06-25 14:27:22"
        }
    ],
    "packages-dev": [],
    "aliases": [],
    "minimum-stability": "dev",
    "stability-flags": {
        "radar/adr": 20,
        "ray/di": 20
    },
    "prefer-stable": true,
    "prefer-lowest": false,
    "platform": [],
    "platform-dev": []
}
